<?xml version="1.0" encoding="utf-8"?>
<Project ToolsVersion="4.0" xmlns="http://schemas.microsoft.com/developer/msbuild/2003">
  <ItemGroup>
    <ClCompile Include="main.cpp" />
    <ClCompile Include="RunParameters.cpp" />
    <ClCompile Include="WavFile.cpp" />
  </ItemGroup>
  <ItemGroup>
    <ClInclude Include="RunParameters.h">
      <Filter>h</Filter>
    </ClInclude>
    <ClInclude Include="WavFile.h">
      <Filter>h</Filter>
    </ClInclude>
  </ItemGroup>
  <ItemGroup>
    <Filter Include="h">
      <UniqueIdentifier>{61c60fb8-8a1c-471f-b667-0ad135b04e2a}</UniqueIdentifier>
    </Filter>
  </ItemGroup>
</Project>