<?xml version="1.0" encoding="utf-8"?>
<Project ToolsVersion="4.0" xmlns="http://schemas.microsoft.com/developer/msbuild/2003">
  <ItemGroup>
    <ClCompile Include="..\..\shared\utils\cLog.cpp" />
    <ClCompile Include="wavReader.cpp" />
    <ClCompile Include="tinywav.cpp" />
  </ItemGroup>
  <ItemGroup>
    <ClInclude Include="..\..\shared\utils\cLog.h">
      <Filter>h</Filter>
    </ClInclude>
    <ClInclude Include="..\..\shared\utils\date.h">
      <Filter>h</Filter>
    </ClInclude>
    <ClInclude Include="..\..\shared\utils\utils.h">
      <Filter>h</Filter>
    </ClInclude>
    <ClInclude Include="tinywav.h">
      <Filter>h</Filter>
    </ClInclude>
  </ItemGroup>
  <ItemGroup>
    <Filter Include="h">
      <UniqueIdentifier>{f416db93-2323-4f91-afb7-760f0e8567e2}</UniqueIdentifier>
    </Filter>
  </ItemGroup>
</Project>